// !$*UTF8*$!
{
	archiveVersion = 1;
	classes = {
	};
	objectVersion = 50;
	objects = {

/* Begin PBXBuildFile section */
		23FAC53A226B9A8C00A3648D /* AppDelegate.swift in Sources */ = {isa = PBXBuildFile; fileRef = 23FAC539226B9A8C00A3648D /* AppDelegate.swift */; };
		23FAC53C226B9A8C00A3648D /* ViewController.swift in Sources */ = {isa = PBXBuildFile; fileRef = 23FAC53B226B9A8C00A3648D /* ViewController.swift */; };
		23FAC53F226B9A8C00A3648D /* Main.storyboard in Resources */ = {isa = PBXBuildFile; fileRef = 23FAC53D226B9A8C00A3648D /* Main.storyboard */; };
		23FAC541226B9A8D00A3648D /* Assets.xcassets in Resources */ = {isa = PBXBuildFile; fileRef = 23FAC540226B9A8D00A3648D /* Assets.xcassets */; };
		23FAC544226B9A8D00A3648D /* LaunchScreen.storyboard in Resources */ = {isa = PBXBuildFile; fileRef = 23FAC542226B9A8D00A3648D /* LaunchScreen.storyboard */; };
		23FAC54C226B9FFD00A3648D /* Question.swift in Sources */ = {isa = PBXBuildFile; fileRef = 23FAC54B226B9FFD00A3648D /* Question.swift */; };
		23FAC54F226BA07800A3648D /* User.swift in Sources */ = {isa = PBXBuildFile; fileRef = 23FAC54E226BA07800A3648D /* User.swift */; };
		23FAC551226BA25C00A3648D /* Serialization.swift in Sources */ = {isa = PBXBuildFile; fileRef = 23FAC550226BA25C00A3648D /* Serialization.swift */; };
		23FAC556226BAC5E00A3648D /* ApiResource.swift in Sources */ = {isa = PBXBuildFile; fileRef = 23FAC555226BAC5E00A3648D /* ApiResource.swift */; };
		23FAC558226BAD0500A3648D /* ApiWrapper.swift in Sources */ = {isa = PBXBuildFile; fileRef = 23FAC557226BAD0500A3648D /* ApiWrapper.swift */; };
/* End PBXBuildFile section */

/* Begin PBXFileReference section */
		23FAC536226B9A8C00A3648D /* REST.app */ = {isa = PBXFileReference; explicitFileType = wrapper.application; includeInIndex = 0; path = REST.app; sourceTree = BUILT_PRODUCTS_DIR; };
		23FAC539226B9A8C00A3648D /* AppDelegate.swift */ = {isa = PBXFileReference; lastKnownFileType = sourcecode.swift; path = AppDelegate.swift; sourceTree = "<group>"; };
		23FAC53B226B9A8C00A3648D /* ViewController.swift */ = {isa = PBXFileReference; lastKnownFileType = sourcecode.swift; path = ViewController.swift; sourceTree = "<group>"; };
		23FAC53E226B9A8C00A3648D /* Base */ = {isa = PBXFileReference; lastKnownFileType = file.storyboard; name = Base; path = Base.lproj/Main.storyboard; sourceTree = "<group>"; };
		23FAC540226B9A8D00A3648D /* Assets.xcassets */ = {isa = PBXFileReference; lastKnownFileType = folder.assetcatalog; path = Assets.xcassets; sourceTree = "<group>"; };
		23FAC543226B9A8D00A3648D /* Base */ = {isa = PBXFileReference; lastKnownFileType = file.storyboard; name = Base; path = Base.lproj/LaunchScreen.storyboard; sourceTree = "<group>"; };
		23FAC545226B9A8D00A3648D /* Info.plist */ = {isa = PBXFileReference; lastKnownFileType = text.plist.xml; path = Info.plist; sourceTree = "<group>"; };
		23FAC54B226B9FFD00A3648D /* Question.swift */ = {isa = PBXFileReference; lastKnownFileType = sourcecode.swift; path = Question.swift; sourceTree = "<group>"; };
		23FAC54E226BA07800A3648D /* User.swift */ = {isa = PBXFileReference; lastKnownFileType = sourcecode.swift; path = User.swift; sourceTree = "<group>"; };
		23FAC550226BA25C00A3648D /* Serialization.swift */ = {isa = PBXFileReference; lastKnownFileType = sourcecode.swift; path = Serialization.swift; sourceTree = "<group>"; };
		23FAC555226BAC5E00A3648D /* ApiResource.swift */ = {isa = PBXFileReference; lastKnownFileType = sourcecode.swift; path = ApiResource.swift; sourceTree = "<group>"; };
		23FAC557226BAD0500A3648D /* ApiWrapper.swift */ = {isa = PBXFileReference; lastKnownFileType = sourcecode.swift; path = ApiWrapper.swift; sourceTree = "<group>"; };
/* End PBXFileReference section */

/* Begin PBXFrameworksBuildPhase section */
		23FAC533226B9A8C00A3648D /* Frameworks */ = {
			isa = PBXFrameworksBuildPhase;
			buildActionMask = 2147483647;
			files = (
			);
			runOnlyForDeploymentPostprocessing = 0;
		};
/* End PBXFrameworksBuildPhase section */

/* Begin PBXGroup section */
		23FAC52D226B9A8C00A3648D = {
			isa = PBXGroup;
			children = (
				23FAC538226B9A8C00A3648D /* REST */,
				23FAC537226B9A8C00A3648D /* Products */,
			);
			sourceTree = "<group>";
		};
		23FAC537226B9A8C00A3648D /* Products */ = {
			isa = PBXGroup;
			children = (
				23FAC536226B9A8C00A3648D /* REST.app */,
			);
			name = Products;
			sourceTree = "<group>";
		};
		23FAC538226B9A8C00A3648D /* REST */ = {
			isa = PBXGroup;
			children = (
				23FAC554226BA68200A3648D /* Model */,
				23FAC553226BA67C00A3648D /* View */,
				23FAC552226BA67300A3648D /* Controller */,
				23FAC53D226B9A8C00A3648D /* Main.storyboard */,
				23FAC54D226BA00D00A3648D /* Supporting Files */,
				23FAC545226B9A8D00A3648D /* Info.plist */,
			);
			path = REST;
			sourceTree = "<group>";
		};
		23FAC54D226BA00D00A3648D /* Supporting Files */ = {
			isa = PBXGroup;
			children = (
				23FAC539226B9A8C00A3648D /* AppDelegate.swift */,
				23FAC540226B9A8D00A3648D /* Assets.xcassets */,
				23FAC542226B9A8D00A3648D /* LaunchScreen.storyboard */,
			);
			path = "Supporting Files";
			sourceTree = "<group>";
		};
		23FAC552226BA67300A3648D /* Controller */ = {
			isa = PBXGroup;
			children = (
				23FAC53B226B9A8C00A3648D /* ViewController.swift */,
			);
			path = Controller;
			sourceTree = "<group>";
		};
		23FAC553226BA67C00A3648D /* View */ = {
			isa = PBXGroup;
			children = (
			);
			path = View;
			sourceTree = "<group>";
		};
		23FAC554226BA68200A3648D /* Model */ = {
			isa = PBXGroup;
			children = (
				23FAC54B226B9FFD00A3648D /* Question.swift */,
				23FAC54E226BA07800A3648D /* User.swift */,
				23FAC550226BA25C00A3648D /* Serialization.swift */,
				23FAC557226BAD0500A3648D /* ApiWrapper.swift */,
				23FAC555226BAC5E00A3648D /* ApiResource.swift */,
			);
			path = Model;
			sourceTree = "<group>";
		};
/* End PBXGroup section */

/* Begin PBXNativeTarget section */
		23FAC535226B9A8C00A3648D /* REST */ = {
			isa = PBXNativeTarget;
			buildConfigurationList = 23FAC548226B9A8D00A3648D /* Build configuration list for PBXNativeTarget "REST" */;
			buildPhases = (
				23FAC532226B9A8C00A3648D /* Sources */,
				23FAC533226B9A8C00A3648D /* Frameworks */,
				23FAC534226B9A8C00A3648D /* Resources */,
			);
			buildRules = (
			);
			dependencies = (
			);
			name = REST;
			productName = REST;
			productReference = 23FAC536226B9A8C00A3648D /* REST.app */;
			productType = "com.apple.product-type.application";
		};
/* End PBXNativeTarget section */

/* Begin PBXProject section */
		23FAC52E226B9A8C00A3648D /* Project object */ = {
			isa = PBXProject;
			attributes = {
				LastSwiftUpdateCheck = 1020;
				LastUpgradeCheck = 1020;
				ORGANIZATIONNAME = "Milan Bojic";
				TargetAttributes = {
					23FAC535226B9A8C00A3648D = {
						CreatedOnToolsVersion = 10.2;
					};
				};
			};
			buildConfigurationList = 23FAC531226B9A8C00A3648D /* Build configuration list for PBXProject "REST" */;
			compatibilityVersion = "Xcode 9.3";
			developmentRegion = en;
			hasScannedForEncodings = 0;
			knownRegions = (
				en,
				Base,
			);
			mainGroup = 23FAC52D226B9A8C00A3648D;
			productRefGroup = 23FAC537226B9A8C00A3648D /* Products */;
			projectDirPath = "";
			projectRoot = "";
			targets = (
				23FAC535226B9A8C00A3648D /* REST */,
			);
		};
/* End PBXProject section */

/* Begin PBXResourcesBuildPhase section */
		23FAC534226B9A8C00A3648D /* Resources */ = {
			isa = PBXResourcesBuildPhase;
			buildActionMask = 2147483647;
			files = (
				23FAC544226B9A8D00A3648D /* LaunchScreen.storyboard in Resources */,
				23FAC541226B9A8D00A3648D /* Assets.xcassets in Resources */,
				23FAC53F226B9A8C00A3648D /* Main.storyboard in Resources */,
			);
			runOnlyForDeploymentPostprocessing = 0;
		};
/* End PBXResourcesBuildPhase section */

/* Begin PBXSourcesBuildPhase section */
		23FAC532226B9A8C00A3648D /* Sources */ = {
			isa = PBXSourcesBuildPhase;
			buildActionMask = 2147483647;
			files = (
				23FAC54F226BA07800A3648D /* User.swift in Sources */,
				23FAC54C226B9FFD00A3648D /* Question.swift in Sources */,
				23FAC558226BAD0500A3648D /* ApiWrapper.swift in Sources */,
				23FAC556226BAC5E00A3648D /* ApiResource.swift in Sources */,
				23FAC53C226B9A8C00A3648D /* ViewController.swift in Sources */,
				23FAC551226BA25C00A3648D /* Serialization.swift in Sources */,
				23FAC53A226B9A8C00A3648D /* AppDelegate.swift in Sources */,
			);
			runOnlyForDeploymentPostprocessing = 0;
		};
/* End PBXSourcesBuildPhase section */

/* Begin PBXVariantGroup section */
		23FAC53D226B9A8C00A3648D /* Main.storyboard */ = {
			isa = PBXVariantGroup;
			children = (
				23FAC53E226B9A8C00A3648D /* Base */,
			);
			name = Main.storyboard;
			sourceTree = "<group>";
		};
		23FAC542226B9A8D00A3648D /* LaunchScreen.storyboard */ = {
			isa = PBXVariantGroup;
			children = (
				23FAC543226B9A8D00A3648D /* Base */,
			);
			name = LaunchScreen.storyboard;
			sourceTree = "<group>";
		};
/* End PBXVariantGroup section */

/* Begin XCBuildConfiguration section */
		23FAC546226B9A8D00A3648D /* Debug */ = {
			isa = XCBuildConfiguration;
			buildSettings = {
				ALWAYS_SEARCH_USER_PATHS = NO;
				CLANG_ANALYZER_NONNULL = YES;
				CLANG_ANALYZER_NUMBER_OBJECT_CONVERSION = YES_AGGRESSIVE;
				CLANG_CXX_LANGUAGE_STANDARD = "gnu++14";
				CLANG_CXX_LIBRARY = "libc++";
				CLANG_ENABLE_MODULES = YES;
				CLANG_ENABLE_OBJC_ARC = YES;
				CLANG_ENABLE_OBJC_WEAK = YES;
				CLANG_WARN_BLOCK_CAPTURE_AUTORELEASING = YES;
				CLANG_WARN_BOOL_CONVERSION = YES;
				CLANG_WARN_COMMA = YES;
				CLANG_WARN_CONSTANT_CONVERSION = YES;
				CLANG_WARN_DEPRECATED_OBJC_IMPLEMENTATIONS = YES;
				CLANG_WARN_DIRECT_OBJC_ISA_USAGE = YES_ERROR;
				CLANG_WARN_DOCUMENTATION_COMMENTS = YES;
				CLANG_WARN_EMPTY_BODY = YES;
				CLANG_WARN_ENUM_CONVERSION = YES;
				CLANG_WARN_INFINITE_RECURSION = YES;
				CLANG_WARN_INT_CONVERSION = YES;
				CLANG_WARN_NON_LITERAL_NULL_CONVERSION = YES;
				CLANG_WARN_OBJC_IMPLICIT_RETAIN_SELF = YES;
				CLANG_WARN_OBJC_LITERAL_CONVERSION = YES;
				CLANG_WARN_OBJC_ROOT_CLASS = YES_ERROR;
				CLANG_WARN_RANGE_LOOP_ANALYSIS = YES;
				CLANG_WARN_STRICT_PROTOTYPES = YES;
				CLANG_WARN_SUSPICIOUS_MOVE = YES;
				CLANG_WARN_UNGUARDED_AVAILABILITY = YES_AGGRESSIVE;
				CLANG_WARN_UNREACHABLE_CODE = YES;
				CLANG_WARN__DUPLICATE_METHOD_MATCH = YES;
				CODE_SIGN_IDENTITY = "iPhone Developer";
				COPY_PHASE_STRIP = NO;
				DEBUG_INFORMATION_FORMAT = dwarf;
				ENABLE_STRICT_OBJC_MSGSEND = YES;
				ENABLE_TESTABILITY = YES;
				GCC_C_LANGUAGE_STANDARD = gnu11;
				GCC_DYNAMIC_NO_PIC = NO;
				GCC_NO_COMMON_BLOCKS = YES;
				GCC_OPTIMIZATION_LEVEL = 0;
				GCC_PREPROCESSOR_DEFINITIONS = (
					"DEBUG=1",
					"$(inherited)",
				);
				GCC_WARN_64_TO_32_BIT_CONVERSION = YES;
				GCC_WARN_ABOUT_RETURN_TYPE = YES_ERROR;
				GCC_WARN_UNDECLARED_SELECTOR = YES;
				GCC_WARN_UNINITIALIZED_AUTOS = YES_AGGRESSIVE;
				GCC_WARN_UNUSED_FUNCTION = YES;
				GCC_WARN_UNUSED_VARIABLE = YES;
				IPHONEOS_DEPLOYMENT_TARGET = 12.2;
				MTL_ENABLE_DEBUG_INFO = INCLUDE_SOURCE;
				MTL_FAST_MATH = YES;
				ONLY_ACTIVE_ARCH = YES;
				SDKROOT = iphoneos;
				SWIFT_ACTIVE_COMPILATION_CONDITIONS = DEBUG;
				SWIFT_OPTIMIZATION_LEVEL = "-Onone";
			};
			name = Debug;
		};
		23FAC547226B9A8D00A3648D /* Release */ = {
			isa = XCBuildConfiguration;
			buildSettings = {
				ALWAYS_SEARCH_USER_PATHS = NO;
				CLANG_ANALYZER_NONNULL = YES;
				CLANG_ANALYZER_NUMBER_OBJECT_CONVERSION = YES_AGGRESSIVE;
				CLANG_CXX_LANGUAGE_STANDARD = "gnu++14";
				CLANG_CXX_LIBRARY = "libc++";
				CLANG_ENABLE_MODULES = YES;
				CLANG_ENABLE_OBJC_ARC = YES;
				CLANG_ENABLE_OBJC_WEAK = YES;
				CLANG_WARN_BLOCK_CAPTURE_AUTORELEASING = YES;
				CLANG_WARN_BOOL_CONVERSION = YES;
				CLANG_WARN_COMMA = YES;
				CLANG_WARN_CONSTANT_CONVERSION = YES;
				CLANG_WARN_DEPRECATED_OBJC_IMPLEMENTATIONS = YES;
				CLANG_WARN_DIRECT_OBJC_ISA_USAGE = YES_ERROR;
				CLANG_WARN_DOCUMENTATION_COMMENTS = YES;
				CLANG_WARN_EMPTY_BODY = YES;
				CLANG_WARN_ENUM_CONVERSION = YES;
				CLANG_WARN_INFINITE_RECURSION = YES;
				CLANG_WARN_INT_CONVERSION = YES;
				CLANG_WARN_NON_LITERAL_NULL_CONVERSION = YES;
				CLANG_WARN_OBJC_IMPLICIT_RETAIN_SELF = YES;
				CLANG_WARN_OBJC_LITERAL_CONVERSION = YES;
				CLANG_WARN_OBJC_ROOT_CLASS = YES_ERROR;
				CLANG_WARN_RANGE_LOOP_ANALYSIS = YES;
				CLANG_WARN_STRICT_PROTOTYPES = YES;
				CLANG_WARN_SUSPICIOUS_MOVE = YES;
				CLANG_WARN_UNGUARDED_AVAILABILITY = YES_AGGRESSIVE;
				CLANG_WARN_UNREACHABLE_CODE = YES;
				CLANG_WARN__DUPLICATE_METHOD_MATCH = YES;
				CODE_SIGN_IDENTITY = "iPhone Developer";
				COPY_PHASE_STRIP = NO;
				DEBUG_INFORMATION_FORMAT = "dwarf-with-dsym";
				ENABLE_NS_ASSERTIONS = NO;
				ENABLE_STRICT_OBJC_MSGSEND = YES;
				GCC_C_LANGUAGE_STANDARD = gnu11;
				GCC_NO_COMMON_BLOCKS = YES;
				GCC_WARN_64_TO_32_BIT_CONVERSION = YES;
				GCC_WARN_ABOUT_RETURN_TYPE = YES_ERROR;
				GCC_WARN_UNDECLARED_SELECTOR = YES;
				GCC_WARN_UNINITIALIZED_AUTOS = YES_AGGRESSIVE;
				GCC_WARN_UNUSED_FUNCTION = YES;
				GCC_WARN_UNUSED_VARIABLE = YES;
				IPHONEOS_DEPLOYMENT_TARGET = 12.2;
				MTL_ENABLE_DEBUG_INFO = NO;
				MTL_FAST_MATH = YES;
				SDKROOT = iphoneos;
				SWIFT_COMPILATION_MODE = wholemodule;
				SWIFT_OPTIMIZATION_LEVEL = "-O";
				VALIDATE_PRODUCT = YES;
			};
			name = Release;
		};
		23FAC549226B9A8D00A3648D /* Debug */ = {
			isa = XCBuildConfiguration;
			buildSettings = {
				ASSETCATALOG_COMPILER_APPICON_NAME = AppIcon;
				CODE_SIGN_STYLE = Automatic;
				DEVELOPMENT_TEAM = 4L5JV92JPX;
				INFOPLIST_FILE = REST/Info.plist;
				LD_RUNPATH_SEARCH_PATHS = (
					"$(inherited)",
					"@executable_path/Frameworks",
				);
				PRODUCT_BUNDLE_IDENTIFIER = com.miledev.REST;
				PRODUCT_NAME = "$(TARGET_NAME)";
				SWIFT_VERSION = 5.0;
				TARGETED_DEVICE_FAMILY = "1,2";
			};
			name = Debug;
		};
		23FAC54A226B9A8D00A3648D /* Release */ = {
			isa = XCBuildConfiguration;
			buildSettings = {
				ASSETCATALOG_COMPILER_APPICON_NAME = AppIcon;
				CODE_SIGN_STYLE = Automatic;
				DEVELOPMENT_TEAM = 4L5JV92JPX;
				INFOPLIST_FILE = REST/Info.plist;
				LD_RUNPATH_SEARCH_PATHS = (
					"$(inherited)",
					"@executable_path/Frameworks",
				);
				PRODUCT_BUNDLE_IDENTIFIER = com.miledev.REST;
				PRODUCT_NAME = "$(TARGET_NAME)";
				SWIFT_VERSION = 5.0;
				TARGETED_DEVICE_FAMILY = "1,2";
			};
			name = Release;
		};
/* End XCBuildConfiguration section */

/* Begin XCConfigurationList section */
		23FAC531226B9A8C00A3648D /* Build configuration list for PBXProject "REST" */ = {
			isa = XCConfigurationList;
			buildConfigurations = (
				23FAC546226B9A8D00A3648D /* Debug */,
				23FAC547226B9A8D00A3648D /* Release */,
			);
			defaultConfigurationIsVisible = 0;
			defaultConfigurationName = Release;
		};
		23FAC548226B9A8D00A3648D /* Build configuration list for PBXNativeTarget "REST" */ = {
			isa = XCConfigurationList;
			buildConfigurations = (
				23FAC549226B9A8D00A3648D /* Debug */,
				23FAC54A226B9A8D00A3648D /* Release */,
			);
			defaultConfigurationIsVisible = 0;
			defaultConfigurationName = Release;
		};
/* End XCConfigurationList section */
	};
	rootObject = 23FAC52E226B9A8C00A3648D /* Project object */;
}
